# This file is automatically @generated by Cargo.
# It is not intended for manual editing.
version = 4

[[package]]
name = "addr2line"
version = "0.24.2"
source = "registry+https://github.com/rust-lang/crates.io-index"
checksum = "dfbe277e56a376000877090da837660b4427aad530e3028d44e0bffe4f89a1c1"
dependencies = [
 "gimli",
]

[[package]]
name = "adler2"
version = "2.0.0"
source = "registry+https://github.com/rust-lang/crates.io-index"
checksum = "512761e0bb2578dd7380c6baaa0f4ce03e84f95e960231d1dec8bf4d7d6e2627"

[[package]]
name = "aho-corasick"
version = "1.1.3"
source = "registry+https://github.com/rust-lang/crates.io-index"
checksum = "8e60d3430d3a69478ad0993f19238d2df97c507009a52b3c10addcd7f6bcb916"
dependencies = [
 "memchr",
]

[[package]]
name = "anstream"
version = "0.6.19"
source = "registry+https://github.com/rust-lang/crates.io-index"
checksum = "301af1932e46185686725e0fad2f8f2aa7da69dd70bf6ecc44d6b703844a3933"
dependencies = [
 "anstyle",
 "anstyle-parse",
 "anstyle-query",
 "anstyle-wincon",
 "colorchoice",
 "is_terminal_polyfill",
 "utf8parse",
]

[[package]]
name = "anstyle"
version = "1.0.11"
source = "registry+https://github.com/rust-lang/crates.io-index"
checksum = "862ed96ca487e809f1c8e5a8447f6ee2cf102f846893800b20cebdf541fc6bbd"

[[package]]
name = "anstyle-parse"
version = "0.2.7"
source = "registry+https://github.com/rust-lang/crates.io-index"
checksum = "4e7644824f0aa2c7b9384579234ef10eb7efb6a0deb83f9630a49594dd9c15c2"
dependencies = [
 "utf8parse",
]

[[package]]
name = "anstyle-query"
version = "1.1.3"
source = "registry+https://github.com/rust-lang/crates.io-index"
checksum = "6c8bdeb6047d8983be085bab0ba1472e6dc604e7041dbf6fcd5e71523014fae9"
dependencies = [
 "windows-sys",
]

[[package]]
name = "anstyle-wincon"
version = "3.0.9"
source = "registry+https://github.com/rust-lang/crates.io-index"
checksum = "403f75924867bb1033c59fbf0797484329750cfbe3c4325cd33127941fabc882"
dependencies = [
 "anstyle",
 "once_cell_polyfill",
 "windows-sys",
]

[[package]]
name = "autocfg"
version = "1.4.0"
source = "registry+https://github.com/rust-lang/crates.io-index"
checksum = "ace50bade8e6234aa140d9a2f552bbee1db4d353f69b8217bc503490fc1a9f26"

[[package]]
name = "backtrace"
version = "0.3.75"
source = "registry+https://github.com/rust-lang/crates.io-index"
checksum = "6806a6321ec58106fea15becdad98371e28d92ccbc7c8f1b3b6dd724fe8f1002"
dependencies = [
 "addr2line",
 "cfg-if",
 "libc",
 "miniz_oxide",
 "object",
 "rustc-demangle",
 "windows-targets",
]

[[package]]
name = "better_scoped_tls"
version = "1.0.0"
source = "registry+https://github.com/rust-lang/crates.io-index"
checksum = "50fd297a11c709be8348aec039c8b91de16075d2b2bdaee1bd562c0875993664"
dependencies = [
 "scoped-tls",
]

[[package]]
name = "biome_console"
version = "0.5.7"
source = "git+https://github.com/biomejs/biome.git?tag=cli%2Fv1.9.4#fa93a147abe64e9c85908d317a8dd1de343ad132"
dependencies = [
 "biome_markup",
 "biome_text_size",
 "schemars 0.8.22",
 "serde",
 "termcolor",
 "unicode-segmentation",
 "unicode-width",
]

[[package]]
name = "biome_deserialize"
version = "0.6.0"
source = "git+https://github.com/biomejs/biome.git?tag=cli%2Fv1.9.4#fa93a147abe64e9c85908d317a8dd1de343ad132"
dependencies = [
 "biome_console",
 "biome_deserialize_macros",
 "biome_diagnostics",
 "biome_json_parser",
 "biome_json_syntax",
 "biome_rowan",
 "enumflags2",
 "indexmap",
 "serde",
]

[[package]]
name = "biome_deserialize_macros"
version = "0.6.0"
source = "git+https://github.com/biomejs/biome.git?tag=cli%2Fv1.9.4#fa93a147abe64e9c85908d317a8dd1de343ad132"
dependencies = [
 "biome_string_case",
 "proc-macro-error",
 "proc-macro2",
 "quote",
 "syn 1.0.109",
]

[[package]]
name = "biome_diagnostics"
version = "0.5.7"
source = "git+https://github.com/biomejs/biome.git?tag=cli%2Fv1.9.4#fa93a147abe64e9c85908d317a8dd1de343ad132"
dependencies = [
 "backtrace",
 "biome_console",
 "biome_diagnostics_categories",
 "biome_diagnostics_macros",
 "biome_rowan",
 "biome_text_edit",
 "biome_text_size",
 "bpaf",
 "enumflags2",
 "oxc_resolver",
 "serde",
 "serde_ini",
 "serde_json",
 "termcolor",
 "unicode-width",
]

[[package]]
name = "biome_diagnostics_categories"
version = "0.5.7"
source = "git+https://github.com/biomejs/biome.git?tag=cli%2Fv1.9.4#fa93a147abe64e9c85908d317a8dd1de343ad132"
dependencies = [
 "quote",
 "serde",
]

[[package]]
name = "biome_diagnostics_macros"
version = "0.5.7"
source = "git+https://github.com/biomejs/biome.git?tag=cli%2Fv1.9.4#fa93a147abe64e9c85908d317a8dd1de343ad132"
dependencies = [
 "proc-macro-error",
 "proc-macro2",
 "quote",
 "syn 1.0.109",
]

[[package]]
name = "biome_formatter"
version = "0.5.7"
source = "git+https://github.com/biomejs/biome.git?tag=cli%2Fv1.9.4#fa93a147abe64e9c85908d317a8dd1de343ad132"
dependencies = [
 "biome_console",
 "biome_deserialize",
 "biome_deserialize_macros",
 "biome_diagnostics",
 "biome_rowan",
 "biome_string_case",
 "cfg-if",
 "countme",
 "drop_bomb",
 "indexmap",
 "rustc-hash 1.1.0",
 "tracing",
 "unicode-width",
]

[[package]]
name = "biome_js_factory"
version = "0.5.7"
source = "git+https://github.com/biomejs/biome.git?tag=cli%2Fv1.9.4#fa93a147abe64e9c85908d317a8dd1de343ad132"
dependencies = [
 "biome_js_syntax",
 "biome_rowan",
]

[[package]]
name = "biome_js_formatter"
version = "0.5.7"
source = "git+https://github.com/biomejs/biome.git?tag=cli%2Fv1.9.4#fa93a147abe64e9c85908d317a8dd1de343ad132"
dependencies = [
 "biome_deserialize",
 "biome_deserialize_macros",
 "biome_diagnostics_categories",
 "biome_formatter",
 "biome_js_factory",
 "biome_js_syntax",
 "biome_rowan",
 "biome_string_case",
 "biome_suppression",
 "biome_text_size",
 "biome_unicode_table",
 "smallvec",
 "unicode-width",
]

[[package]]
name = "biome_js_parser"
version = "0.5.7"
source = "git+https://github.com/biomejs/biome.git?tag=cli%2Fv1.9.4#fa93a147abe64e9c85908d317a8dd1de343ad132"
dependencies = [
 "biome_console",
 "biome_diagnostics",
 "biome_js_factory",
 "biome_js_syntax",
 "biome_parser",
 "biome_rowan",
 "biome_unicode_table",
 "drop_bomb",
 "enumflags2",
 "indexmap",
 "rustc-hash 1.1.0",
 "serde",
 "serde_json",
 "smallvec",
 "tracing",
]

[[package]]
name = "biome_js_syntax"
version = "0.5.7"
source = "git+https://github.com/biomejs/biome.git?tag=cli%2Fv1.9.4#fa93a147abe64e9c85908d317a8dd1de343ad132"
dependencies = [
 "biome_rowan",
 "biome_string_case",
 "enumflags2",
 "serde",
]

[[package]]
name = "biome_json_factory"
version = "0.5.7"
source = "git+https://github.com/biomejs/biome.git?tag=cli%2Fv1.9.4#fa93a147abe64e9c85908d317a8dd1de343ad132"
dependencies = [
 "biome_json_syntax",
 "biome_rowan",
]

[[package]]
name = "biome_json_parser"
version = "0.5.7"
source = "git+https://github.com/biomejs/biome.git?tag=cli%2Fv1.9.4#fa93a147abe64e9c85908d317a8dd1de343ad132"
dependencies = [
 "biome_console",
 "biome_diagnostics",
 "biome_json_factory",
 "biome_json_syntax",
 "biome_parser",
 "biome_rowan",
 "biome_unicode_table",
 "tracing",
 "unicode-bom",
]

[[package]]
name = "biome_json_syntax"
version = "0.5.7"
source = "git+https://github.com/biomejs/biome.git?tag=cli%2Fv1.9.4#fa93a147abe64e9c85908d317a8dd1de343ad132"
dependencies = [
 "biome_rowan",
 "biome_string_case",
 "serde",
]

[[package]]
name = "biome_markup"
version = "0.5.7"
source = "git+https://github.com/biomejs/biome.git?tag=cli%2Fv1.9.4#fa93a147abe64e9c85908d317a8dd1de343ad132"
dependencies = [
 "proc-macro-error",
 "proc-macro2",
 "quote",
]

[[package]]
name = "biome_parser"
version = "0.5.7"
source = "git+https://github.com/biomejs/biome.git?tag=cli%2Fv1.9.4#fa93a147abe64e9c85908d317a8dd1de343ad132"
dependencies = [
 "biome_console",
 "biome_diagnostics",
 "biome_rowan",
 "biome_unicode_table",
 "drop_bomb",
 "enumflags2",
 "unicode-bom",
]

[[package]]
name = "biome_rowan"
version = "0.5.7"
source = "git+https://github.com/biomejs/biome.git?tag=cli%2Fv1.9.4#fa93a147abe64e9c85908d317a8dd1de343ad132"
dependencies = [
 "biome_text_edit",
 "biome_text_size",
 "countme",
 "hashbrown 0.14.5",
 "rustc-hash 1.1.0",
 "serde",
 "tracing",
]

[[package]]
name = "biome_string_case"
version = "0.5.7"
source = "git+https://github.com/biomejs/biome.git?tag=cli%2Fv1.9.4#fa93a147abe64e9c85908d317a8dd1de343ad132"

[[package]]
name = "biome_suppression"
version = "0.5.7"
source = "git+https://github.com/biomejs/biome.git?tag=cli%2Fv1.9.4#fa93a147abe64e9c85908d317a8dd1de343ad132"
dependencies = [
 "biome_console",
 "biome_diagnostics",
 "biome_rowan",
]

[[package]]
name = "biome_text_edit"
version = "0.5.7"
source = "git+https://github.com/biomejs/biome.git?tag=cli%2Fv1.9.4#fa93a147abe64e9c85908d317a8dd1de343ad132"
dependencies = [
 "biome_text_size",
 "serde",
 "similar",
]

[[package]]
name = "biome_text_size"
version = "0.5.7"
source = "git+https://github.com/biomejs/biome.git?tag=cli%2Fv1.9.4#fa93a147abe64e9c85908d317a8dd1de343ad132"
dependencies = [
 "schemars 0.8.22",
 "serde",
]

[[package]]
name = "biome_unicode_table"
version = "0.5.7"
source = "git+https://github.com/biomejs/biome.git?tag=cli%2Fv1.9.4#fa93a147abe64e9c85908d317a8dd1de343ad132"

[[package]]
name = "bitflags"
version = "2.9.1"
source = "registry+https://github.com/rust-lang/crates.io-index"
checksum = "1b8e56985ec62d17e9c1001dc89c88ecd7dc08e47eba5ec7c29c7b5eeecde967"

[[package]]
name = "bpaf"
version = "0.9.20"
source = "registry+https://github.com/rust-lang/crates.io-index"
checksum = "473976d7a8620bb1e06dcdd184407c2363fe4fec8e983ee03ed9197222634a31"
dependencies = [
 "bpaf_derive",
]

[[package]]
name = "bpaf_derive"
version = "0.5.17"
source = "registry+https://github.com/rust-lang/crates.io-index"
checksum = "fefb4feeec9a091705938922f26081aad77c64cd2e76cd1c4a9ece8e42e1618a"
dependencies = [
 "proc-macro2",
 "quote",
 "syn 2.0.101",
]

[[package]]
name = "browser-sdk-generator"
version = "0.1.0"

[[package]]
name = "browser_sdk_dart_codegen"
version = "0.1.0"
dependencies = [
 "browser_sdk_schema",
 "browser_sdk_utils",
 "convert_case",
]

[[package]]
name = "browser_sdk_schema"
version = "0.1.0"
dependencies = [
 "better_scoped_tls",
 "indexmap",
 "pretty_assertions",
 "schemars 0.9.0",
 "serde",
 "serde_json",
 "serde_yaml_ng",
]

[[package]]
name = "browser_sdk_ts_codegen"
version = "0.1.5"
dependencies = [
 "biome_diagnostics",
 "biome_formatter",
 "biome_js_factory",
 "biome_js_formatter",
 "biome_js_parser",
 "biome_js_syntax",
 "biome_rowan",
 "browser_sdk_schema",
 "browser_sdk_ts_codegen_macros",
 "browser_sdk_utils",
 "convert_case",
 "indexmap",
 "indoc",
 "pathdiff",
 "pretty_assertions",
]

[[package]]
name = "browser_sdk_ts_codegen_macros"
version = "0.1.1"
dependencies = [
 "proc-macro2",
 "quote",
 "syn 2.0.101",
]

[[package]]
name = "browser_sdk_utils"
version = "0.1.0"
dependencies = [
 "markdown",
 "mdast_util_to_markdown",
]

[[package]]
name = "bstr"
version = "1.12.0"
source = "registry+https://github.com/rust-lang/crates.io-index"
checksum = "234113d19d0d7d613b40e86fb654acf958910802bcceab913a4f9e7cda03b1a4"
dependencies = [
 "memchr",
 "regex-automata",
 "serde",
]

[[package]]
name = "cfg-if"
version = "1.0.0"
source = "registry+https://github.com/rust-lang/crates.io-index"
checksum = "baf1de4339761588bc0619e3cbc0120ee582ebb74b53b4efbf79117bd2da40fd"

[[package]]
name = "clap"
version = "4.5.39"
source = "registry+https://github.com/rust-lang/crates.io-index"
checksum = "fd60e63e9be68e5fb56422e397cf9baddded06dae1d2e523401542383bc72a9f"
dependencies = [
 "clap_builder",
 "clap_derive",
]

[[package]]
name = "clap_builder"
version = "4.5.39"
source = "registry+https://github.com/rust-lang/crates.io-index"
checksum = "89cc6392a1f72bbeb820d71f32108f61fdaf18bc526e1d23954168a67759ef51"
dependencies = [
 "anstream",
 "anstyle",
 "clap_lex",
 "strsim",
]

[[package]]
name = "clap_derive"
version = "4.5.32"
source = "registry+https://github.com/rust-lang/crates.io-index"
checksum = "09176aae279615badda0765c0c0b3f6ed53f4709118af73cf4655d85d1530cd7"
dependencies = [
 "heck",
 "proc-macro2",
 "quote",
 "syn 2.0.101",
]

[[package]]
name = "clap_lex"
version = "0.7.4"
source = "registry+https://github.com/rust-lang/crates.io-index"
checksum = "f46ad14479a25103f283c0f10005961cf086d8dc42205bb44c46ac563475dca6"

[[package]]
name = "colorchoice"
version = "1.0.4"
source = "registry+https://github.com/rust-lang/crates.io-index"
checksum = "b05b61dc5112cbb17e4b6cd61790d9845d13888356391624cbe7e41efeac1e75"

[[package]]
name = "convert_case"
version = "0.6.0"
source = "registry+https://github.com/rust-lang/crates.io-index"
checksum = "ec182b0ca2f35d8fc196cf3404988fd8b8c739a4d270ff118a398feb0cbec1ca"
dependencies = [
 "unicode-segmentation",
]

[[package]]
name = "countme"
version = "3.0.1"
source = "registry+https://github.com/rust-lang/crates.io-index"
checksum = "7704b5fdd17b18ae31c4c1da5a2e0305a2bf17b5249300a9ee9ed7b72114c636"

[[package]]
name = "crossbeam-utils"
version = "0.8.21"
source = "registry+https://github.com/rust-lang/crates.io-index"
checksum = "d0a5c400df2834b80a4c3327b3aad3a4c4cd4de0629063962b03235697506a28"

[[package]]
name = "dashmap"
version = "6.1.0"
source = "registry+https://github.com/rust-lang/crates.io-index"
checksum = "5041cc499144891f3790297212f32a74fb938e5136a14943f338ef9e0ae276cf"
dependencies = [
 "cfg-if",
 "crossbeam-utils",
 "hashbrown 0.14.5",
 "lock_api",
 "once_cell",
 "parking_lot_core",
]

[[package]]
name = "diff"
version = "0.1.13"
source = "registry+https://github.com/rust-lang/crates.io-index"
checksum = "56254986775e3233ffa9c4d7d3faaf6d36a2c09d30b20687e9f88bc8bafc16c8"

[[package]]
name = "drop_bomb"
version = "0.1.5"
source = "registry+https://github.com/rust-lang/crates.io-index"
checksum = "9bda8e21c04aca2ae33ffc2fd8c23134f3cac46db123ba97bd9d3f3b8a4a85e1"

[[package]]
name = "dunce"
version = "1.0.5"
source = "registry+https://github.com/rust-lang/crates.io-index"
checksum = "92773504d58c093f6de2459af4af33faa518c13451eb8f2b5698ed3d36e7c813"

[[package]]
name = "dyn-clone"
version = "1.0.19"
source = "registry+https://github.com/rust-lang/crates.io-index"
checksum = "1c7a8fb8a9fbf66c1f703fe16184d10ca0ee9d23be5b4436400408ba54a95005"

[[package]]
name = "enumflags2"
version = "0.7.11"
source = "registry+https://github.com/rust-lang/crates.io-index"
checksum = "ba2f4b465f5318854c6f8dd686ede6c0a9dc67d4b1ac241cf0eb51521a309147"
dependencies = [
 "enumflags2_derive",
]

[[package]]
name = "enumflags2_derive"
version = "0.7.11"
source = "registry+https://github.com/rust-lang/crates.io-index"
checksum = "fc4caf64a58d7a6d65ab00639b046ff54399a39f5f2554728895ace4b297cd79"
dependencies = [
 "proc-macro2",
 "quote",
 "syn 2.0.101",
]

[[package]]
name = "equivalent"
version = "1.0.2"
source = "registry+https://github.com/rust-lang/crates.io-index"
checksum = "877a4ace8713b0bcf2a4e7eec82529c029f1d0619886d18145fea96c3ffe5c0f"

[[package]]
name = "generator_cli"
version = "0.1.0"
dependencies = [
 "better_scoped_tls",
 "browser_sdk_dart_codegen",
 "browser_sdk_schema",
 "browser_sdk_ts_codegen",
 "clap",
 "pretty_assertions",
 "serde_yaml_ng",
]

[[package]]
name = "gimli"
version = "0.31.1"
source = "registry+https://github.com/rust-lang/crates.io-index"
checksum = "07e28edb80900c19c28f1072f2e8aeca7fa06b23cd4169cefe1af5aa3260783f"

[[package]]
name = "hashbrown"
version = "0.14.5"
source = "registry+https://github.com/rust-lang/crates.io-index"
checksum = "e5274423e17b7c9fc20b6e7e208532f9b19825d82dfd615708b70edd83df41f1"

[[package]]
name = "hashbrown"
version = "0.15.4"
source = "registry+https://github.com/rust-lang/crates.io-index"
checksum = "5971ac85611da7067dbfcabef3c70ebb5606018acd9e2a3903a0da507521e0d5"

[[package]]
name = "heck"
version = "0.5.0"
source = "registry+https://github.com/rust-lang/crates.io-index"
checksum = "2304e00983f87ffb38b55b444b5e3b60a884b5d30c0fca7d82fe33449bbe55ea"

[[package]]
name = "indexmap"
version = "2.9.0"
source = "registry+https://github.com/rust-lang/crates.io-index"
checksum = "cea70ddb795996207ad57735b50c5982d8844f38ba9ee5f1aedcfb708a2aa11e"
dependencies = [
 "equivalent",
 "hashbrown 0.15.4",
 "serde",
]

[[package]]
name = "indoc"
version = "2.0.6"
source = "registry+https://github.com/rust-lang/crates.io-index"
checksum = "f4c7245a08504955605670dbf141fceab975f15ca21570696aebe9d2e71576bd"

[[package]]
name = "is_terminal_polyfill"
version = "1.70.1"
source = "registry+https://github.com/rust-lang/crates.io-index"
checksum = "7943c866cc5cd64cbc25b2e01621d07fa8eb2a1a23160ee81ce38704e97b8ecf"

[[package]]
name = "itoa"
version = "1.0.15"
source = "registry+https://github.com/rust-lang/crates.io-index"
checksum = "4a5f13b858c8d314ee3e8f639011f7ccefe71f97f96e50151fb991f267928e2c"

[[package]]
name = "json-strip-comments"
version = "1.0.4"
source = "registry+https://github.com/rust-lang/crates.io-index"
checksum = "b271732a960335e715b6b2ae66a086f115c74eb97360e996d2bd809bfc063bba"
dependencies = [
 "memchr",
]

[[package]]
name = "libc"
version = "0.2.172"
source = "registry+https://github.com/rust-lang/crates.io-index"
checksum = "d750af042f7ef4f724306de029d18836c26c1765a54a6a3f094cbd23a7267ffa"

[[package]]
name = "lock_api"
version = "0.4.13"
source = "registry+https://github.com/rust-lang/crates.io-index"
checksum = "96936507f153605bddfcda068dd804796c84324ed2510809e5b2a624c81da765"
dependencies = [
 "autocfg",
 "scopeguard",
]

[[package]]
name = "markdown"
version = "1.0.0"
source = "git+https://github.com/cirnov/markdown-rs#db3af3ee0bb907e8329ba535b29121c0827b2289"
dependencies = [
 "unicode-id",
]

[[package]]
name = "mdast_util_to_markdown"
version = "0.0.2"
source = "git+https://github.com/cirnov/markdown-rs#db3af3ee0bb907e8329ba535b29121c0827b2289"
dependencies = [
 "markdown",
 "regex",
]

[[package]]
name = "memchr"
version = "2.7.4"
source = "registry+https://github.com/rust-lang/crates.io-index"
checksum = "78ca9ab1a0babb1e7d5695e3530886289c18cf2f87ec19a575a0abdce112e3a3"

[[package]]
name = "miniz_oxide"
version = "0.8.8"
source = "registry+https://github.com/rust-lang/crates.io-index"
checksum = "3be647b768db090acb35d5ec5db2b0e1f1de11133ca123b9eacf5137868f892a"
dependencies = [
 "adler2",
]

[[package]]
name = "object"
version = "0.36.7"
source = "registry+https://github.com/rust-lang/crates.io-index"
checksum = "62948e14d923ea95ea2c7c86c71013138b66525b86bdc08d2dcc262bdb497b87"
dependencies = [
 "memchr",
]

[[package]]
name = "once_cell"
version = "1.21.3"
source = "registry+https://github.com/rust-lang/crates.io-index"
checksum = "42f5e15c9953c5e4ccceeb2e7382a716482c34515315f7b03532b8b4e8393d2d"

[[package]]
name = "once_cell_polyfill"
version = "1.70.1"
source = "registry+https://github.com/rust-lang/crates.io-index"
checksum = "a4895175b425cb1f87721b59f0f286c2092bd4af812243672510e1ac53e2e0ad"

[[package]]
name = "oxc_resolver"
version = "1.12.0"
source = "registry+https://github.com/rust-lang/crates.io-index"
checksum = "6c20bb345f290c46058ba650fef7ca2b579612cf2786b927ebad7b8bec0845a7"
dependencies = [
 "cfg-if",
 "dashmap",
 "dunce",
 "indexmap",
 "json-strip-comments",
 "once_cell",
 "rustc-hash 2.1.1",
 "serde",
 "serde_json",
 "simdutf8",
 "thiserror",
 "tracing",
]

[[package]]
name = "parking_lot_core"
version = "0.9.11"
source = "registry+https://github.com/rust-lang/crates.io-index"
checksum = "bc838d2a56b5b1a6c25f55575dfc605fabb63bb2365f6c2353ef9159aa69e4a5"
dependencies = [
 "cfg-if",
 "libc",
 "redox_syscall",
 "smallvec",
 "windows-targets",
]

[[package]]
name = "pathdiff"
version = "0.2.3"
source = "registry+https://github.com/rust-lang/crates.io-index"
checksum = "df94ce210e5bc13cb6651479fa48d14f601d9858cfe0467f43ae157023b938d3"

[[package]]
name = "pin-project-lite"
version = "0.2.16"
source = "registry+https://github.com/rust-lang/crates.io-index"
checksum = "3b3cff922bd51709b605d9ead9aa71031d81447142d828eb4a6eba76fe619f9b"

[[package]]
name = "pretty_assertions"
version = "1.4.1"
source = "registry+https://github.com/rust-lang/crates.io-index"
checksum = "3ae130e2f271fbc2ac3a40fb1d07180839cdbbe443c7a27e1e3c13c5cac0116d"
dependencies = [
 "diff",
 "yansi",
]

[[package]]
name = "proc-macro-error"
version = "1.0.4"
source = "registry+https://github.com/rust-lang/crates.io-index"
checksum = "da25490ff9892aab3fcf7c36f08cfb902dd3e71ca0f9f9517bea02a73a5ce38c"
dependencies = [
 "proc-macro-error-attr",
 "proc-macro2",
 "quote",
 "version_check",
]

[[package]]
name = "proc-macro-error-attr"
version = "1.0.4"
source = "registry+https://github.com/rust-lang/crates.io-index"
checksum = "a1be40180e52ecc98ad80b184934baf3d0d29f979574e439af5a55274b35f869"
dependencies = [
 "proc-macro2",
 "quote",
 "version_check",
]

[[package]]
name = "proc-macro2"
version = "1.0.95"
source = "registry+https://github.com/rust-lang/crates.io-index"
checksum = "02b3e5e68a3a1a02aad3ec490a98007cbc13c37cbe84a3cd7b8e406d76e7f778"
dependencies = [
 "unicode-ident",
]

[[package]]
name = "quote"
version = "1.0.40"
source = "registry+https://github.com/rust-lang/crates.io-index"
checksum = "1885c039570dc00dcb4ff087a89e185fd56bae234ddc7f056a945bf36467248d"
dependencies = [
 "proc-macro2",
]

[[package]]
name = "redox_syscall"
version = "0.5.12"
source = "registry+https://github.com/rust-lang/crates.io-index"
checksum = "928fca9cf2aa042393a8325b9ead81d2f0df4cb12e1e24cef072922ccd99c5af"
dependencies = [
 "bitflags",
]

[[package]]
name = "ref-cast"
version = "1.0.24"
source = "registry+https://github.com/rust-lang/crates.io-index"
checksum = "4a0ae411dbe946a674d89546582cea4ba2bb8defac896622d6496f14c23ba5cf"
dependencies = [
 "ref-cast-impl",
]

[[package]]
name = "ref-cast-impl"
version = "1.0.24"
source = "registry+https://github.com/rust-lang/crates.io-index"
checksum = "1165225c21bff1f3bbce98f5a1f889949bc902d3575308cc7b0de30b4f6d27c7"
dependencies = [
 "proc-macro2",
 "quote",
 "syn 2.0.101",
]

[[package]]
name = "regex"
version = "1.11.1"
source = "registry+https://github.com/rust-lang/crates.io-index"
checksum = "b544ef1b4eac5dc2db33ea63606ae9ffcfac26c1416a2806ae0bf5f56b201191"
dependencies = [
 "aho-corasick",
 "memchr",
 "regex-automata",
 "regex-syntax",
]

[[package]]
name = "regex-automata"
version = "0.4.9"
source = "registry+https://github.com/rust-lang/crates.io-index"
checksum = "809e8dc61f6de73b46c85f4c96486310fe304c434cfa43669d7b40f711150908"
dependencies = [
 "aho-corasick",
 "memchr",
 "regex-syntax",
]

[[package]]
name = "regex-syntax"
version = "0.8.5"
source = "registry+https://github.com/rust-lang/crates.io-index"
checksum = "2b15c43186be67a4fd63bee50d0303afffcef381492ebe2c5d87f324e1b8815c"

[[package]]
name = "result"
version = "1.0.0"
source = "registry+https://github.com/rust-lang/crates.io-index"
checksum = "194d8e591e405d1eecf28819740abed6d719d1a2db87fc0bcdedee9a26d55560"

[[package]]
name = "rustc-demangle"
version = "0.1.24"
source = "registry+https://github.com/rust-lang/crates.io-index"
checksum = "719b953e2095829ee67db738b3bfa9fa368c94900df327b3f07fe6e794d2fe1f"

[[package]]
name = "rustc-hash"
version = "1.1.0"
source = "registry+https://github.com/rust-lang/crates.io-index"
checksum = "08d43f7aa6b08d49f382cde6a7982047c3426db949b1424bc4b7ec9ae12c6ce2"

[[package]]
name = "rustc-hash"
version = "2.1.1"
source = "registry+https://github.com/rust-lang/crates.io-index"
checksum = "357703d41365b4b27c590e3ed91eabb1b663f07c4c084095e60cbed4362dff0d"

[[package]]
name = "ryu"
version = "1.0.20"
source = "registry+https://github.com/rust-lang/crates.io-index"
checksum = "28d3b2b1366ec20994f1fd18c3c594f05c5dd4bc44d8bb0c1c632c8d6829481f"

[[package]]
name = "schemars"
version = "0.8.22"
source = "registry+https://github.com/rust-lang/crates.io-index"
checksum = "3fbf2ae1b8bc8e02df939598064d22402220cd5bbcca1c76f7d6a310974d5615"
dependencies = [
 "dyn-clone",
 "indexmap",
 "schemars_derive 0.8.22",
 "serde",
 "serde_json",
 "smallvec",
]

[[package]]
name = "schemars"
version = "0.9.0"
source = "registry+https://github.com/rust-lang/crates.io-index"
checksum = "4cd191f9397d57d581cddd31014772520aa448f65ef991055d7f61582c65165f"
dependencies = [
 "dyn-clone",
 "indexmap",
 "ref-cast",
 "schemars_derive 0.9.0",
 "serde",
 "serde_json",
]

[[package]]
name = "schemars_derive"
version = "0.8.22"
source = "registry+https://github.com/rust-lang/crates.io-index"
checksum = "32e265784ad618884abaea0600a9adf15393368d840e0222d101a072f3f7534d"
dependencies = [
 "proc-macro2",
 "quote",
 "serde_derive_internals",
 "syn 2.0.101",
]

[[package]]
name = "schemars_derive"
version = "0.9.0"
source = "registry+https://github.com/rust-lang/crates.io-index"
checksum = "5016d94c77c6d32f0b8e08b781f7dc8a90c2007d4e77472cc2807bc10a8438fe"
dependencies = [
 "proc-macro2",
 "quote",
 "serde_derive_internals",
 "syn 2.0.101",
]

[[package]]
name = "scoped-tls"
version = "1.0.1"
source = "registry+https://github.com/rust-lang/crates.io-index"
checksum = "e1cf6437eb19a8f4a6cc0f7dca544973b0b78843adbfeb3683d1a94a0024a294"

[[package]]
name = "scopeguard"
version = "1.2.0"
source = "registry+https://github.com/rust-lang/crates.io-index"
checksum = "94143f37725109f92c262ed2cf5e59bce7498c01bcc1502d7b9afe439a4e9f49"

[[package]]
name = "serde"
version = "1.0.219"
source = "registry+https://github.com/rust-lang/crates.io-index"
checksum = "5f0e2c6ed6606019b4e29e69dbaba95b11854410e5347d525002456dbbb786b6"
dependencies = [
 "serde_derive",
]

[[package]]
name = "serde_derive"
version = "1.0.219"
source = "registry+https://github.com/rust-lang/crates.io-index"
checksum = "5b0276cf7f2c73365f7157c8123c21cd9a50fbbd844757af28ca1f5925fc2a00"
dependencies = [
 "proc-macro2",
 "quote",
 "syn 2.0.101",
]

[[package]]
name = "serde_derive_internals"
version = "0.29.1"
source = "registry+https://github.com/rust-lang/crates.io-index"
checksum = "18d26a20a969b9e3fdf2fc2d9f21eda6c40e2de84c9408bb5d3b05d499aae711"
dependencies = [
 "proc-macro2",
 "quote",
 "syn 2.0.101",
]

[[package]]
name = "serde_ini"
version = "0.2.0"
source = "registry+https://github.com/rust-lang/crates.io-index"
checksum = "eb236687e2bb073a7521c021949be944641e671b8505a94069ca37b656c81139"
dependencies = [
 "result",
 "serde",
 "void",
]

[[package]]
name = "serde_json"
version = "1.0.140"
source = "registry+https://github.com/rust-lang/crates.io-index"
checksum = "20068b6e96dc6c9bd23e01df8827e6c7e1f2fddd43c21810382803c136b99373"
dependencies = [
 "indexmap",
 "itoa",
 "memchr",
 "ryu",
 "serde",
]

[[package]]
name = "serde_yaml_ng"
version = "0.10.0"
source = "registry+https://github.com/rust-lang/crates.io-index"
checksum = "7b4db627b98b36d4203a7b458cf3573730f2bb591b28871d916dfa9efabfd41f"
dependencies = [
 "indexmap",
 "itoa",
 "ryu",
 "serde",
 "unsafe-libyaml",
]

[[package]]
name = "simdutf8"
version = "0.1.5"
source = "registry+https://github.com/rust-lang/crates.io-index"
checksum = "e3a9fe34e3e7a50316060351f37187a3f546bce95496156754b601a5fa71b76e"

[[package]]
name = "similar"
version = "2.7.0"
source = "registry+https://github.com/rust-lang/crates.io-index"
checksum = "bbbb5d9659141646ae647b42fe094daf6c6192d1620870b449d9557f748b2daa"
dependencies = [
 "bstr",
 "unicode-segmentation",
]

[[package]]
name = "smallvec"
version = "1.15.1"
source = "registry+https://github.com/rust-lang/crates.io-index"
checksum = "67b1b7a3b5fe4f1376887184045fcf45c69e92af734b7aaddc05fb777b6fbd03"
dependencies = [
 "serde",
]

[[package]]
name = "strsim"
version = "0.11.1"
source = "registry+https://github.com/rust-lang/crates.io-index"
checksum = "7da8b5736845d9f2fcb837ea5d9e2628564b3b043a70948a3f0b778838c5fb4f"

[[package]]
name = "syn"
version = "1.0.109"
source = "registry+https://github.com/rust-lang/crates.io-index"
checksum = "72b64191b275b66ffe2469e8af2c1cfe3bafa67b529ead792a6d0160888b4237"
dependencies = [
 "proc-macro2",
 "quote",
 "unicode-ident",
]

[[package]]
name = "syn"
version = "2.0.101"
source = "registry+https://github.com/rust-lang/crates.io-index"
checksum = "8ce2b7fc941b3a24138a0a7cf8e858bfc6a992e7978a068a5c760deb0ed43caf"
dependencies = [
 "proc-macro2",
 "quote",
 "unicode-ident",
]

[[package]]
name = "termcolor"
version = "1.4.1"
source = "registry+https://github.com/rust-lang/crates.io-index"
checksum = "06794f8f6c5c898b3275aebefa6b8a1cb24cd2c6c79397ab15774837a0bc5755"
dependencies = [
 "winapi-util",
]

[[package]]
name = "thiserror"
version = "1.0.69"
source = "registry+https://github.com/rust-lang/crates.io-index"
checksum = "b6aaf5339b578ea85b50e080feb250a3e8ae8cfcdff9a461c9ec2904bc923f52"
dependencies = [
 "thiserror-impl",
]

[[package]]
name = "thiserror-impl"
version = "1.0.69"
source = "registry+https://github.com/rust-lang/crates.io-index"
checksum = "4fee6c4efc90059e10f81e6d42c60a18f76588c3d74cb83a0b242a2b6c7504c1"
dependencies = [
 "proc-macro2",
 "quote",
 "syn 2.0.101",
]

[[package]]
name = "tracing"
version = "0.1.41"
source = "registry+https://github.com/rust-lang/crates.io-index"
checksum = "784e0ac535deb450455cbfa28a6f0df145ea1bb7ae51b821cf5e7927fdcfbdd0"
dependencies = [
 "pin-project-lite",
 "tracing-attributes",
 "tracing-core",
]

[[package]]
name = "tracing-attributes"
version = "0.1.29"
source = "registry+https://github.com/rust-lang/crates.io-index"
checksum = "1b1ffbcf9c6f6b99d386e7444eb608ba646ae452a36b39737deb9663b610f662"
dependencies = [
 "proc-macro2",
 "quote",
 "syn 2.0.101",
]

[[package]]
name = "tracing-core"
version = "0.1.34"
source = "registry+https://github.com/rust-lang/crates.io-index"
checksum = "b9d12581f227e93f094d3af2ae690a574abb8a2b9b7a96e7cfe9647b2b617678"
dependencies = [
 "once_cell",
]

[[package]]
name = "unicode-bom"
version = "2.0.3"
source = "registry+https://github.com/rust-lang/crates.io-index"
checksum = "7eec5d1121208364f6793f7d2e222bf75a915c19557537745b195b253dd64217"

[[package]]
name = "unicode-id"
version = "0.3.5"
source = "registry+https://github.com/rust-lang/crates.io-index"
checksum = "10103c57044730945224467c09f71a4db0071c123a0648cc3e818913bde6b561"

[[package]]
name = "unicode-ident"
version = "1.0.18"
source = "registry+https://github.com/rust-lang/crates.io-index"
checksum = "5a5f39404a5da50712a4c1eecf25e90dd62b613502b7e925fd4e4d19b5c96512"

[[package]]
name = "unicode-segmentation"
version = "1.12.0"
source = "registry+https://github.com/rust-lang/crates.io-index"
checksum = "f6ccf251212114b54433ec949fd6a7841275f9ada20dddd2f29e9ceea4501493"

[[package]]
name = "unicode-width"
version = "0.1.14"
source = "registry+https://github.com/rust-lang/crates.io-index"
checksum = "7dd6e30e90baa6f72411720665d41d89b9a3d039dc45b8faea1ddd07f617f6af"

[[package]]
name = "unsafe-libyaml"
version = "0.2.11"
source = "registry+https://github.com/rust-lang/crates.io-index"
checksum = "673aac59facbab8a9007c7f6108d11f63b603f7cabff99fabf650fea5c32b861"

[[package]]
name = "utf8parse"
version = "0.2.2"
source = "registry+https://github.com/rust-lang/crates.io-index"
checksum = "06abde3611657adf66d383f00b093d7faecc7fa57071cce2578660c9f1010821"

[[package]]
name = "version_check"
version = "0.9.5"
source = "registry+https://github.com/rust-lang/crates.io-index"
checksum = "0b928f33d975fc6ad9f86c8f283853ad26bdd5b10b7f1542aa2fa15e2289105a"

[[package]]
name = "void"
version = "1.0.2"
source = "registry+https://github.com/rust-lang/crates.io-index"
checksum = "6a02e4885ed3bc0f2de90ea6dd45ebcbb66dacffe03547fadbb0eeae2770887d"

[[package]]
name = "winapi-util"
version = "0.1.9"
source = "registry+https://github.com/rust-lang/crates.io-index"
checksum = "cf221c93e13a30d793f7645a0e7762c55d169dbb0a49671918a2319d289b10bb"
dependencies = [
 "windows-sys",
]

[[package]]
name = "windows-sys"
version = "0.59.0"
source = "registry+https://github.com/rust-lang/crates.io-index"
checksum = "1e38bc4d79ed67fd075bcc251a1c39b32a1776bbe92e5bef1f0bf1f8c531853b"
dependencies = [
 "windows-targets",
]

[[package]]
name = "windows-targets"
version = "0.52.6"
source = "registry+https://github.com/rust-lang/crates.io-index"
checksum = "9b724f72796e036ab90c1021d4780d4d3d648aca59e491e6b98e725b84e99973"
dependencies = [
 "windows_aarch64_gnullvm",
 "windows_aarch64_msvc",
 "windows_i686_gnu",
 "windows_i686_gnullvm",
 "windows_i686_msvc",
 "windows_x86_64_gnu",
 "windows_x86_64_gnullvm",
 "windows_x86_64_msvc",
]

[[package]]
name = "windows_aarch64_gnullvm"
version = "0.52.6"
source = "registry+https://github.com/rust-lang/crates.io-index"
checksum = "32a4622180e7a0ec044bb555404c800bc9fd9ec262ec147edd5989ccd0c02cd3"

[[package]]
name = "windows_aarch64_msvc"
version = "0.52.6"
source = "registry+https://github.com/rust-lang/crates.io-index"
checksum = "09ec2a7bb152e2252b53fa7803150007879548bc709c039df7627cabbd05d469"

[[package]]
name = "windows_i686_gnu"
version = "0.52.6"
source = "registry+https://github.com/rust-lang/crates.io-index"
checksum = "8e9b5ad5ab802e97eb8e295ac6720e509ee4c243f69d781394014ebfe8bbfa0b"

[[package]]
name = "windows_i686_gnullvm"
version = "0.52.6"
source = "registry+https://github.com/rust-lang/crates.io-index"
checksum = "0eee52d38c090b3caa76c563b86c3a4bd71ef1a819287c19d586d7334ae8ed66"

[[package]]
name = "windows_i686_msvc"
version = "0.52.6"
source = "registry+https://github.com/rust-lang/crates.io-index"
checksum = "240948bc05c5e7c6dabba28bf89d89ffce3e303022809e73deaefe4f6ec56c66"

[[package]]
name = "windows_x86_64_gnu"
version = "0.52.6"
source = "registry+https://github.com/rust-lang/crates.io-index"
checksum = "147a5c80aabfbf0c7d901cb5895d1de30ef2907eb21fbbab29ca94c5b08b1a78"

[[package]]
name = "windows_x86_64_gnullvm"
version = "0.52.6"
source = "registry+https://github.com/rust-lang/crates.io-index"
checksum = "24d5b23dc417412679681396f2b49f3de8c1473deb516bd34410872eff51ed0d"

[[package]]
name = "windows_x86_64_msvc"
version = "0.52.6"
source = "registry+https://github.com/rust-lang/crates.io-index"
checksum = "589f6da84c646204747d1270a2a5661ea66ed1cced2631d546fdfb155959f9ec"

[[package]]
name = "yansi"
version = "1.0.1"
source = "registry+https://github.com/rust-lang/crates.io-index"
checksum = "cfe53a6657fd280eaa890a3bc59152892ffa3e30101319d168b781ed6529b049"
